
Microsoft Visual Studio Solution File, Format Version 12.00
# Visual Studio 15
VisualStudioVersion = 15.0.26124.0
MinimumVisualStudioVersion = 15.0.26124.0
Project("{2150E333-8FDC-42A3-9474-1A3956D46DE8}") = "ui", "ui", "{27792CC3-ECFC-4BA0-82F6-93E1383892E1}"
EndProject
Project("{FAE04EC0-301F-11D3-BF4B-00C04F79EFBC}") = "TestConsole", "ui\TestConsole\TestConsole.csproj", "{A973FBE5-ABBB-4622-93A9-558541208370}"
EndProject
Project("{2150E333-8FDC-42A3-9474-1A3956D46DE8}") = "Lib", "Lib", "{C2F84694-0D3E-4205-90A8-40BBA234503D}"
EndProject
Project("{FAE04EC0-301F-11D3-BF4B-00C04F79EFBC}") = "Testlib", "Lib\TestLib\Testlib.csproj", "{AC3DD257-DBD6-44C6-8336-07EEF5B95A36}"
EndProject
Project("{FAE04EC0-301F-11D3-BF4B-00C04F79EFBC}") = "MyWebapi", "ui\Mywebapi\MyWebapi.csproj", "{9674A9D9-500A-4F7B-8AD4-BD1B2779C15C}"
EndProject
Global
	GlobalSection(SolutionConfigurationPlatforms) = preSolution
		Debug|Any CPU = Debug|Any CPU
		Debug|x64 = Debug|x64
		Debug|x86 = Debug|x86
		Release|Any CPU = Release|Any CPU
		Release|x64 = Release|x64
		Release|x86 = Release|x86
	EndGlobalSection
	GlobalSection(SolutionProperties) = preSolution
		HideSolutionNode = FALSE
	EndGlobalSection
	GlobalSection(ProjectConfigurationPlatforms) = postSolution
		{A973FBE5-ABBB-4622-93A9-558541208370}.Debug|Any CPU.ActiveCfg = Debug|Any CPU
		{A973FBE5-ABBB-4622-93A9-558541208370}.Debug|Any CPU.Build.0 = Debug|Any CPU
		{A973FBE5-ABBB-4622-93A9-558541208370}.Debug|x64.ActiveCfg = Debug|Any CPU
		{A973FBE5-ABBB-4622-93A9-558541208370}.Debug|x64.Build.0 = Debug|Any CPU
		{A973FBE5-ABBB-4622-93A9-558541208370}.Debug|x86.ActiveCfg = Debug|Any CPU
		{A973FBE5-ABBB-4622-93A9-558541208370}.Debug|x86.Build.0 = Debug|Any CPU
		{A973FBE5-ABBB-4622-93A9-558541208370}.Release|Any CPU.ActiveCfg = Release|Any CPU
		{A973FBE5-ABBB-4622-93A9-558541208370}.Release|Any CPU.Build.0 = Release|Any CPU
		{A973FBE5-ABBB-4622-93A9-558541208370}.Release|x64.ActiveCfg = Release|Any CPU
		{A973FBE5-ABBB-4622-93A9-558541208370}.Release|x64.Build.0 = Release|Any CPU
		{A973FBE5-ABBB-4622-93A9-558541208370}.Release|x86.ActiveCfg = Release|Any CPU
		{A973FBE5-ABBB-4622-93A9-558541208370}.Release|x86.Build.0 = Release|Any CPU
		{AC3DD257-DBD6-44C6-8336-07EEF5B95A36}.Debug|Any CPU.ActiveCfg = Debug|Any CPU
		{AC3DD257-DBD6-44C6-8336-07EEF5B95A36}.Debug|Any CPU.Build.0 = Debug|Any CPU
		{AC3DD257-DBD6-44C6-8336-07EEF5B95A36}.Debug|x64.ActiveCfg = Debug|Any CPU
		{AC3DD257-DBD6-44C6-8336-07EEF5B95A36}.Debug|x64.Build.0 = Debug|Any CPU
		{AC3DD257-DBD6-44C6-8336-07EEF5B95A36}.Debug|x86.ActiveCfg = Debug|Any CPU
		{AC3DD257-DBD6-44C6-8336-07EEF5B95A36}.Debug|x86.Build.0 = Debug|Any CPU
		{AC3DD257-DBD6-44C6-8336-07EEF5B95A36}.Release|Any CPU.ActiveCfg = Release|Any CPU
		{AC3DD257-DBD6-44C6-8336-07EEF5B95A36}.Release|Any CPU.Build.0 = Release|Any CPU
		{AC3DD257-DBD6-44C6-8336-07EEF5B95A36}.Release|x64.ActiveCfg = Release|Any CPU
		{AC3DD257-DBD6-44C6-8336-07EEF5B95A36}.Release|x64.Build.0 = Release|Any CPU
		{AC3DD257-DBD6-44C6-8336-07EEF5B95A36}.Release|x86.ActiveCfg = Release|Any CPU
		{AC3DD257-DBD6-44C6-8336-07EEF5B95A36}.Release|x86.Build.0 = Release|Any CPU
		{9674A9D9-500A-4F7B-8AD4-BD1B2779C15C}.Debug|Any CPU.ActiveCfg = Debug|Any CPU
		{9674A9D9-500A-4F7B-8AD4-BD1B2779C15C}.Debug|Any CPU.Build.0 = Debug|Any CPU
		{9674A9D9-500A-4F7B-8AD4-BD1B2779C15C}.Debug|x64.ActiveCfg = Debug|Any CPU
		{9674A9D9-500A-4F7B-8AD4-BD1B2779C15C}.Debug|x64.Build.0 = Debug|Any CPU
		{9674A9D9-500A-4F7B-8AD4-BD1B2779C15C}.Debug|x86.ActiveCfg = Debug|Any CPU
		{9674A9D9-500A-4F7B-8AD4-BD1B2779C15C}.Debug|x86.Build.0 = Debug|Any CPU
		{9674A9D9-500A-4F7B-8AD4-BD1B2779C15C}.Release|Any CPU.ActiveCfg = Release|Any CPU
		{9674A9D9-500A-4F7B-8AD4-BD1B2779C15C}.Release|Any CPU.Build.0 = Release|Any CPU
		{9674A9D9-500A-4F7B-8AD4-BD1B2779C15C}.Release|x64.ActiveCfg = Release|Any CPU
		{9674A9D9-500A-4F7B-8AD4-BD1B2779C15C}.Release|x64.Build.0 = Release|Any CPU
		{9674A9D9-500A-4F7B-8AD4-BD1B2779C15C}.Release|x86.ActiveCfg = Release|Any CPU
		{9674A9D9-500A-4F7B-8AD4-BD1B2779C15C}.Release|x86.Build.0 = Release|Any CPU
	EndGlobalSection
	GlobalSection(NestedProjects) = preSolution
		{A973FBE5-ABBB-4622-93A9-558541208370} = {27792CC3-ECFC-4BA0-82F6-93E1383892E1}
		{AC3DD257-DBD6-44C6-8336-07EEF5B95A36} = {C2F84694-0D3E-4205-90A8-40BBA234503D}
		{9674A9D9-500A-4F7B-8AD4-BD1B2779C15C} = {27792CC3-ECFC-4BA0-82F6-93E1383892E1}
	EndGlobalSection
EndGlobal
